{
  "3fRw6NfP": {
    "sha512": "fd62ca0b4048ab855e7f2436ecdf6c7301e546946afe2d7a3dfa3fb7c180636cbd971c0e9c5e62be4a86d67bbed54fa62ab4d4680c47ea0b366e49b9202ff42a",
    "url": "https://cdn.modrinth.com/data/9eGKb6K1/versions/3fRw6NfP/voicechat-fabric-2.6.23%2B26.3.jar"
  },
  "BQfN2OGk": {
    "sha512": "8735b180ce44bb115fc696a2ffa61d03186cd068f680f245422a5bdf25f976f070e65272d6da5e6206d7678d5f6678a8bf888b94304c0bcf3345eb3e01676d18",
    "url": "https://cdn.modrinth.com/data/P7dR8mSH/versions/BQfN2OGk/fabric-api-0.160.6%2B26.3.jar"
  },
  "Cj9VEeGt": {
    "sha512": "737218bda3c35fe0753595e849850bb036eefd95181a542bdbdc8ab7c47795308be10b9aec45ca7880776c1711184536d0bf468fe76e94c674daac9ed73d8826",
    "url": "https://cdn.modrinth.com/data/2M01OLQq/versions/Cj9VEeGt/shulkerboxtooltip-fabric-5.4.2%2B26.3.jar"
  },
  "WXHRsMRl": {
    "sha512": "acbb9b037a203f005e03a20bf1d9866019384abb5ad27664808a12b919639a2501ecb52f8f0d77d27e1409935b0dbdbb70e01ac466480c0ae421ee403f649c59",
    "url": "https://cdn.modrinth.com/data/gvQqBUqZ/versions/WXHRsMRl/lithium-fabric-0.26.1%2Bmc26.3.jar"
  }
}