{
  "Cj9VEeGt": {
    "sha512": "737218bda3c35fe0753595e849850bb036eefd95181a542bdbdc8ab7c47795308be10b9aec45ca7880776c1711184536d0bf468fe76e94c674daac9ed73d8826",
    "url": "https://cdn.modrinth.com/data/2M01OLQq/versions/Cj9VEeGt/shulkerboxtooltip-fabric-5.4.2%2B26.3.jar"
  },
  "OLnMVWXy": {
    "sha512": "414eb51967305fe7740d34016bc8e3e4e2fa1590e1278ad06bcdfa0687f65007b825d345dc09f79a992704a51ec93baf01fe727e0bbc32fdf506828b5a65d85a",
    "url": "https://cdn.modrinth.com/data/9eGKb6K1/versions/OLnMVWXy/voicechat-fabric-2.6.24%2B26.3.jar"
  },
  "PHjDtQay": {
    "sha512": "17d257af419b7530aa8617c2e8c0e4bbfabcf888f26655790e0188e7957e0bcd931f85f9a4c69fd27e889dee5082cf7b2b8741a14a6ed4425e9ef4bfe13a8b8c",
    "url": "https://cdn.modrinth.com/data/EsAfCjCV/versions/PHjDtQay/appleskin-fabric-mc26.3-3.0.10.jar"
  },
  "WXHRsMRl": {
    "sha512": "acbb9b037a203f005e03a20bf1d9866019384abb5ad27664808a12b919639a2501ecb52f8f0d77d27e1409935b0dbdbb70e01ac466480c0ae421ee403f649c59",
    "url": "https://cdn.modrinth.com/data/gvQqBUqZ/versions/WXHRsMRl/lithium-fabric-0.26.1%2Bmc26.3.jar"
  },
  "bNnaTiuM": {
    "sha512": "ed6b2586d6fde11fde8472f5a527c51e99b67026e46f94d4bfd85e7e28ce5ee299173ee16ad576ceb51f39f98d30a811086a6deb1a86a524859cc16e12da109d",
    "url": "https://cdn.modrinth.com/data/P7dR8mSH/versions/bNnaTiuM/fabric-api-0.161.0%2B26.3.jar"
  },
  "d5ddUdiB": {
    "sha512": "d81fa97e11784c19d42f89c2f433831d007603dd7193cee45fa177e4a6a9c52b384b198586e04a0f7f63cd996fed713322578bde9a8db57e1188854ae5cbe584",
    "url": "https://cdn.modrinth.com/data/uXXizFIs/versions/d5ddUdiB/ferritecore-9.0.0-fabric.jar"
  }
}